
Microsoft Visual Studio Solution File, Format Version 12.00
# Visual Studio Version 17
VisualStudioVersion = 17.8.34525.116
MinimumVisualStudioVersion = 10.0.40219.1
Project("{9A19103F-16F7-4668-BE54-9A1E7A4F7556}") = "StudyPal", "StudyPal\StudyPal.csproj", "{51B952AD-D750-47D7-B2FB-D627D0D1D4EA}"
EndProject
Project("{2150E333-8FDC-42A3-9474-1A3956D46DE8}") = "Solution Items", "Solution Items", "{640B0B77-C4CE-4D86-BB63-065E5261AC8B}"
EndProject
Project("{2150E333-8FDC-42A3-9474-1A3956D46DE8}") = "Fonts", "Fonts", "{744F3926-E306-425A-9CE0-29B36F5066E0}"
	ProjectSection(SolutionItems) = preProject
		..\..\..\Downloads\Roboto\Roboto-Regular.ttf = ..\..\..\Downloads\Roboto\Roboto-Regular.ttf
	EndProjectSection
EndProject
Global
	GlobalSection(SolutionConfigurationPlatforms) = preSolution
		Debug|Any CPU = Debug|Any CPU
		Release|Any CPU = Release|Any CPU
	EndGlobalSection
	GlobalSection(ProjectConfigurationPlatforms) = postSolution
		{51B952AD-D750-47D7-B2FB-D627D0D1D4EA}.Debug|Any CPU.ActiveCfg = Debug|Any CPU
		{51B952AD-D750-47D7-B2FB-D627D0D1D4EA}.Debug|Any CPU.Build.0 = Debug|Any CPU
		{51B952AD-D750-47D7-B2FB-D627D0D1D4EA}.Release|Any CPU.ActiveCfg = Release|Any CPU
		{51B952AD-D750-47D7-B2FB-D627D0D1D4EA}.Release|Any CPU.Build.0 = Release|Any CPU
	EndGlobalSection
	GlobalSection(SolutionProperties) = preSolution
		HideSolutionNode = FALSE
	EndGlobalSection
	GlobalSection(ExtensibilityGlobals) = postSolution
		SolutionGuid = {5E5C8749-4B5A-49DC-A289-24E60E037A7C}
	EndGlobalSection
EndGlobal
